// !$*UTF8*$!
{
	archiveVersion = 1;
	classes = {
	};
	objectVersion = 46;
	objects = {

/* Begin PBXBuildFile section */
		ED6D7BEC1716B6B1005DED18 /* dalicomm.cpp in Sources */ = {isa = PBXBuildFile; fileRef = ED6D7BE81716B6B1005DED18 /* dalicomm.cpp */; };
		ED6D7BED1716B6B1005DED18 /* main.cpp in Sources */ = {isa = PBXBuildFile; fileRef = ED6D7BEA1716B6B1005DED18 /* main.cpp */; };
		ED6D7BF01716EAA7005DED18 /* logger.cpp in Sources */ = {isa = PBXBuildFile; fileRef = ED6D7BEE1716EAA6005DED18 /* logger.cpp */; };
		ED6D7BF817180766005DED18 /* serialqueue.cpp in Sources */ = {isa = PBXBuildFile; fileRef = ED6D7BF617180766005DED18 /* serialqueue.cpp */; };
/* End PBXBuildFile section */

/* Begin PBXCopyFilesBuildPhase section */
		ED6D7BD91716B63A005DED18 /* CopyFiles */ = {
			isa = PBXCopyFilesBuildPhase;
			buildActionMask = 2147483647;
			dstPath = /usr/share/man/man1/;
			dstSubfolderSpec = 0;
			files = (
			);
			runOnlyForDeploymentPostprocessing = 1;
		};
/* End PBXCopyFilesBuildPhase section */

/* Begin PBXFileReference section */
		ED6D7BDB1716B63A005DED18 /* p44bridged */ = {isa = PBXFileReference; explicitFileType = "compiled.mach-o.executable"; includeInIndex = 0; path = p44bridged; sourceTree = BUILT_PRODUCTS_DIR; };
		ED6D7BE81716B6B1005DED18 /* dalicomm.cpp */ = {isa = PBXFileReference; fileEncoding = 4; lastKnownFileType = sourcecode.cpp.cpp; path = dalicomm.cpp; sourceTree = "<group>"; };
		ED6D7BE91716B6B1005DED18 /* dalicomm.hpp */ = {isa = PBXFileReference; fileEncoding = 4; lastKnownFileType = sourcecode.cpp.h; path = dalicomm.hpp; sourceTree = "<group>"; };
		ED6D7BEA1716B6B1005DED18 /* main.cpp */ = {isa = PBXFileReference; fileEncoding = 4; lastKnownFileType = sourcecode.cpp.cpp; path = main.cpp; sourceTree = "<group>"; };
		ED6D7BEB1716B6B1005DED18 /* p44bridged_common.hpp */ = {isa = PBXFileReference; fileEncoding = 4; lastKnownFileType = sourcecode.cpp.h; path = p44bridged_common.hpp; sourceTree = "<group>"; };
		ED6D7BEE1716EAA6005DED18 /* logger.cpp */ = {isa = PBXFileReference; fileEncoding = 4; lastKnownFileType = sourcecode.cpp.cpp; path = logger.cpp; sourceTree = "<group>"; };
		ED6D7BEF1716EAA6005DED18 /* logger.h */ = {isa = PBXFileReference; fileEncoding = 4; lastKnownFileType = sourcecode.c.h; path = logger.h; sourceTree = "<group>"; };
		ED6D7BF617180766005DED18 /* serialqueue.cpp */ = {isa = PBXFileReference; fileEncoding = 4; lastKnownFileType = sourcecode.cpp.cpp; path = serialqueue.cpp; sourceTree = "<group>"; };
		ED6D7BF717180766005DED18 /* serialqueue.hpp */ = {isa = PBXFileReference; fileEncoding = 4; lastKnownFileType = sourcecode.cpp.h; path = serialqueue.hpp; sourceTree = "<group>"; };
/* End PBXFileReference section */

/* Begin PBXFrameworksBuildPhase section */
		ED6D7BD81716B63A005DED18 /* Frameworks */ = {
			isa = PBXFrameworksBuildPhase;
			buildActionMask = 2147483647;
			files = (
			);
			runOnlyForDeploymentPostprocessing = 0;
		};
/* End PBXFrameworksBuildPhase section */

/* Begin PBXGroup section */
		ED6D7BD21716B63A005DED18 = {
			isa = PBXGroup;
			children = (
				ED6D7BE71716B6B1005DED18 /* classes */,
				ED6D7BEA1716B6B1005DED18 /* main.cpp */,
				ED6D7BEB1716B6B1005DED18 /* p44bridged_common.hpp */,
				ED6D7BDC1716B63A005DED18 /* Products */,
			);
			sourceTree = "<group>";
		};
		ED6D7BDC1716B63A005DED18 /* Products */ = {
			isa = PBXGroup;
			children = (
				ED6D7BDB1716B63A005DED18 /* p44bridged */,
			);
			name = Products;
			sourceTree = "<group>";
		};
		ED6D7BE71716B6B1005DED18 /* classes */ = {
			isa = PBXGroup;
			children = (
				ED6D7BEE1716EAA6005DED18 /* logger.cpp */,
				ED6D7BEF1716EAA6005DED18 /* logger.h */,
				ED6D7BE81716B6B1005DED18 /* dalicomm.cpp */,
				ED6D7BE91716B6B1005DED18 /* dalicomm.hpp */,
				ED6D7BF617180766005DED18 /* serialqueue.cpp */,
				ED6D7BF717180766005DED18 /* serialqueue.hpp */,
			);
			path = classes;
			sourceTree = "<group>";
		};
/* End PBXGroup section */

/* Begin PBXNativeTarget section */
		ED6D7BDA1716B63A005DED18 /* p44bridged */ = {
			isa = PBXNativeTarget;
			buildConfigurationList = ED6D7BE41716B63A005DED18 /* Build configuration list for PBXNativeTarget "p44bridged" */;
			buildPhases = (
				ED6D7BD71716B63A005DED18 /* Sources */,
				ED6D7BD81716B63A005DED18 /* Frameworks */,
				ED6D7BD91716B63A005DED18 /* CopyFiles */,
			);
			buildRules = (
			);
			dependencies = (
			);
			name = p44bridged;
			productName = p44bridged;
			productReference = ED6D7BDB1716B63A005DED18 /* p44bridged */;
			productType = "com.apple.product-type.tool";
		};
/* End PBXNativeTarget section */

/* Begin PBXProject section */
		ED6D7BD31716B63A005DED18 /* Project object */ = {
			isa = PBXProject;
			attributes = {
				LastUpgradeCheck = 0460;
				ORGANIZATIONNAME = plan44.ch;
			};
			buildConfigurationList = ED6D7BD61716B63A005DED18 /* Build configuration list for PBXProject "p44bridged" */;
			compatibilityVersion = "Xcode 3.2";
			developmentRegion = English;
			hasScannedForEncodings = 0;
			knownRegions = (
				en,
			);
			mainGroup = ED6D7BD21716B63A005DED18;
			productRefGroup = ED6D7BDC1716B63A005DED18 /* Products */;
			projectDirPath = "";
			projectRoot = "";
			targets = (
				ED6D7BDA1716B63A005DED18 /* p44bridged */,
			);
		};
/* End PBXProject section */

/* Begin PBXSourcesBuildPhase section */
		ED6D7BD71716B63A005DED18 /* Sources */ = {
			isa = PBXSourcesBuildPhase;
			buildActionMask = 2147483647;
			files = (
				ED6D7BEC1716B6B1005DED18 /* dalicomm.cpp in Sources */,
				ED6D7BED1716B6B1005DED18 /* main.cpp in Sources */,
				ED6D7BF01716EAA7005DED18 /* logger.cpp in Sources */,
				ED6D7BF817180766005DED18 /* serialqueue.cpp in Sources */,
			);
			runOnlyForDeploymentPostprocessing = 0;
		};
/* End PBXSourcesBuildPhase section */

/* Begin XCBuildConfiguration section */
		ED6D7BE21716B63A005DED18 /* Debug */ = {
			isa = XCBuildConfiguration;
			buildSettings = {
				ALWAYS_SEARCH_USER_PATHS = NO;
				ARCHS = "$(ARCHS_STANDARD_64_BIT)";
				CLANG_CXX_LANGUAGE_STANDARD = "gnu++0x";
				CLANG_CXX_LIBRARY = "libc++";
				CLANG_WARN_CONSTANT_CONVERSION = YES;
				CLANG_WARN_EMPTY_BODY = YES;
				CLANG_WARN_ENUM_CONVERSION = YES;
				CLANG_WARN_INT_CONVERSION = YES;
				CLANG_WARN__DUPLICATE_METHOD_MATCH = YES;
				COPY_PHASE_STRIP = NO;
				GCC_C_LANGUAGE_STANDARD = gnu99;
				GCC_DYNAMIC_NO_PIC = NO;
				GCC_ENABLE_OBJC_EXCEPTIONS = YES;
				GCC_OPTIMIZATION_LEVEL = 0;
				GCC_PREPROCESSOR_DEFINITIONS = (
					"DEBUG=1",
					"$(inherited)",
				);
				GCC_SYMBOLS_PRIVATE_EXTERN = NO;
				GCC_WARN_64_TO_32_BIT_CONVERSION = YES;
				GCC_WARN_ABOUT_RETURN_TYPE = YES;
				GCC_WARN_UNINITIALIZED_AUTOS = YES;
				GCC_WARN_UNUSED_VARIABLE = YES;
				HEADER_SEARCH_PATHS = /usr/local/Cellar/boost/1.53.0/include;
				MACOSX_DEPLOYMENT_TARGET = 10.8;
				ONLY_ACTIVE_ARCH = YES;
				SDKROOT = macosx;
			};
			name = Debug;
		};
		ED6D7BE31716B63A005DED18 /* Release */ = {
			isa = XCBuildConfiguration;
			buildSettings = {
				ALWAYS_SEARCH_USER_PATHS = NO;
				ARCHS = "$(ARCHS_STANDARD_64_BIT)";
				CLANG_CXX_LANGUAGE_STANDARD = "gnu++0x";
				CLANG_CXX_LIBRARY = "libc++";
				CLANG_WARN_CONSTANT_CONVERSION = YES;
				CLANG_WARN_EMPTY_BODY = YES;
				CLANG_WARN_ENUM_CONVERSION = YES;
				CLANG_WARN_INT_CONVERSION = YES;
				CLANG_WARN__DUPLICATE_METHOD_MATCH = YES;
				COPY_PHASE_STRIP = YES;
				DEBUG_INFORMATION_FORMAT = "dwarf-with-dsym";
				GCC_C_LANGUAGE_STANDARD = gnu99;
				GCC_ENABLE_OBJC_EXCEPTIONS = YES;
				GCC_WARN_64_TO_32_BIT_CONVERSION = YES;
				GCC_WARN_ABOUT_RETURN_TYPE = YES;
				GCC_WARN_UNINITIALIZED_AUTOS = YES;
				GCC_WARN_UNUSED_VARIABLE = YES;
				HEADER_SEARCH_PATHS = /usr/local/Cellar/boost/1.53.0/include;
				MACOSX_DEPLOYMENT_TARGET = 10.8;
				SDKROOT = macosx;
			};
			name = Release;
		};
		ED6D7BE51716B63A005DED18 /* Debug */ = {
			isa = XCBuildConfiguration;
			buildSettings = {
				PRODUCT_NAME = "$(TARGET_NAME)";
			};
			name = Debug;
		};
		ED6D7BE61716B63A005DED18 /* Release */ = {
			isa = XCBuildConfiguration;
			buildSettings = {
				PRODUCT_NAME = "$(TARGET_NAME)";
			};
			name = Release;
		};
/* End XCBuildConfiguration section */

/* Begin XCConfigurationList section */
		ED6D7BD61716B63A005DED18 /* Build configuration list for PBXProject "p44bridged" */ = {
			isa = XCConfigurationList;
			buildConfigurations = (
				ED6D7BE21716B63A005DED18 /* Debug */,
				ED6D7BE31716B63A005DED18 /* Release */,
			);
			defaultConfigurationIsVisible = 0;
			defaultConfigurationName = Release;
		};
		ED6D7BE41716B63A005DED18 /* Build configuration list for PBXNativeTarget "p44bridged" */ = {
			isa = XCConfigurationList;
			buildConfigurations = (
				ED6D7BE51716B63A005DED18 /* Debug */,
				ED6D7BE61716B63A005DED18 /* Release */,
			);
			defaultConfigurationIsVisible = 0;
			defaultConfigurationName = Release;
		};
/* End XCConfigurationList section */
	};
	rootObject = ED6D7BD31716B63A005DED18 /* Project object */;
}
