// !$*UTF8*$!
{
	archiveVersion = 1;
	classes = {
	};
	objectVersion = 46;
	objects = {

/* Begin PBXBuildFile section */
		ED026CF9171D9CAB00AD5FD6 /* utils.cpp in Sources */ = {isa = PBXBuildFile; fileRef = ED026CF7171D9CAB00AD5FD6 /* utils.cpp */; };
		ED026CFC171E8D6200AD5FD6 /* devicecontainer.cpp in Sources */ = {isa = PBXBuildFile; fileRef = ED026CFA171E8D6200AD5FD6 /* devicecontainer.cpp */; };
		ED026CFF171E8EC200AD5FD6 /* deviceclasscontainer.cpp in Sources */ = {isa = PBXBuildFile; fileRef = ED026CFD171E8EC100AD5FD6 /* deviceclasscontainer.cpp */; };
		ED026D02171E91EB00AD5FD6 /* dalidevicecontainer.cpp in Sources */ = {isa = PBXBuildFile; fileRef = ED026D00171E91EB00AD5FD6 /* dalidevicecontainer.cpp */; };
		ED026D05171E94D700AD5FD6 /* error.cpp in Sources */ = {isa = PBXBuildFile; fileRef = ED026D03171E94D700AD5FD6 /* error.cpp */; };
		ED0E441E1732FE4F00C4C283 /* application.cpp in Sources */ = {isa = PBXBuildFile; fileRef = ED0E441C1732FE4F00C4C283 /* application.cpp */; };
		ED6D7BEC1716B6B1005DED18 /* dalicomm.cpp in Sources */ = {isa = PBXBuildFile; fileRef = ED6D7BE81716B6B1005DED18 /* dalicomm.cpp */; };
		ED6D7BED1716B6B1005DED18 /* main.cpp in Sources */ = {isa = PBXBuildFile; fileRef = ED6D7BEA1716B6B1005DED18 /* main.cpp */; };
		ED6D7BF01716EAA7005DED18 /* logger.cpp in Sources */ = {isa = PBXBuildFile; fileRef = ED6D7BEE1716EAA6005DED18 /* logger.cpp */; };
		ED6D7BF817180766005DED18 /* serialqueue.cpp in Sources */ = {isa = PBXBuildFile; fileRef = ED6D7BF617180766005DED18 /* serialqueue.cpp */; };
		ED7456401731B813001C9565 /* mainloop.cpp in Sources */ = {isa = PBXBuildFile; fileRef = ED74563E1731B813001C9565 /* mainloop.cpp */; };
		EDB284441732965700EAE5DE /* operationqueue.cpp in Sources */ = {isa = PBXBuildFile; fileRef = EDB284421732965700EAE5DE /* operationqueue.cpp */; };
		EDB284471733B4ED00EAE5DE /* enoceancomm.cpp in Sources */ = {isa = PBXBuildFile; fileRef = EDB284451733B4ED00EAE5DE /* enoceancomm.cpp */; };
		EDB2844A1733B59500EAE5DE /* serialcomm.cpp in Sources */ = {isa = PBXBuildFile; fileRef = EDB284481733B59500EAE5DE /* serialcomm.cpp */; };
		EDB2844D1733DE2A00EAE5DE /* gpio.cpp in Sources */ = {isa = PBXBuildFile; fileRef = EDB2844B1733DE2900EAE5DE /* gpio.cpp */; };
		EDCFE857171FE841001D35F3 /* device.cpp in Sources */ = {isa = PBXBuildFile; fileRef = EDCFE855171FE841001D35F3 /* device.cpp */; };
		EDCFE85A171FE8A1001D35F3 /* dalidevice.cpp in Sources */ = {isa = PBXBuildFile; fileRef = EDCFE858171FE8A1001D35F3 /* dalidevice.cpp */; };
		EDCFE85D171FFAF6001D35F3 /* dsid.cpp in Sources */ = {isa = PBXBuildFile; fileRef = EDCFE85B171FFAF5001D35F3 /* dsid.cpp */; };
		EDCFE86017203E48001D35F3 /* fnv.cpp in Sources */ = {isa = PBXBuildFile; fileRef = EDCFE85E17203E47001D35F3 /* fnv.cpp */; };
/* End PBXBuildFile section */

/* Begin PBXCopyFilesBuildPhase section */
		ED6D7BD91716B63A005DED18 /* CopyFiles */ = {
			isa = PBXCopyFilesBuildPhase;
			buildActionMask = 2147483647;
			dstPath = /usr/share/man/man1/;
			dstSubfolderSpec = 0;
			files = (
			);
			runOnlyForDeploymentPostprocessing = 1;
		};
/* End PBXCopyFilesBuildPhase section */

/* Begin PBXFileReference section */
		ED026CF7171D9CAB00AD5FD6 /* utils.cpp */ = {isa = PBXFileReference; fileEncoding = 4; lastKnownFileType = sourcecode.cpp.cpp; path = utils.cpp; sourceTree = "<group>"; };
		ED026CF8171D9CAB00AD5FD6 /* utils.hpp */ = {isa = PBXFileReference; fileEncoding = 4; lastKnownFileType = sourcecode.cpp.h; path = utils.hpp; sourceTree = "<group>"; };
		ED026CFA171E8D6200AD5FD6 /* devicecontainer.cpp */ = {isa = PBXFileReference; fileEncoding = 4; lastKnownFileType = sourcecode.cpp.cpp; path = devicecontainer.cpp; sourceTree = "<group>"; };
		ED026CFB171E8D6200AD5FD6 /* devicecontainer.hpp */ = {isa = PBXFileReference; fileEncoding = 4; lastKnownFileType = sourcecode.cpp.h; path = devicecontainer.hpp; sourceTree = "<group>"; };
		ED026CFD171E8EC100AD5FD6 /* deviceclasscontainer.cpp */ = {isa = PBXFileReference; fileEncoding = 4; lastKnownFileType = sourcecode.cpp.cpp; lineEnding = 0; path = deviceclasscontainer.cpp; sourceTree = "<group>"; xcLanguageSpecificationIdentifier = xcode.lang.cpp; };
		ED026CFE171E8EC200AD5FD6 /* deviceclasscontainer.hpp */ = {isa = PBXFileReference; fileEncoding = 4; lastKnownFileType = sourcecode.cpp.h; lineEnding = 0; path = deviceclasscontainer.hpp; sourceTree = "<group>"; xcLanguageSpecificationIdentifier = xcode.lang.cpp; };
		ED026D00171E91EB00AD5FD6 /* dalidevicecontainer.cpp */ = {isa = PBXFileReference; fileEncoding = 4; lastKnownFileType = sourcecode.cpp.cpp; lineEnding = 0; path = dalidevicecontainer.cpp; sourceTree = "<group>"; xcLanguageSpecificationIdentifier = xcode.lang.cpp; };
		ED026D01171E91EB00AD5FD6 /* dalidevicecontainer.hpp */ = {isa = PBXFileReference; fileEncoding = 4; lastKnownFileType = sourcecode.cpp.h; path = dalidevicecontainer.hpp; sourceTree = "<group>"; };
		ED026D03171E94D700AD5FD6 /* error.cpp */ = {isa = PBXFileReference; fileEncoding = 4; lastKnownFileType = sourcecode.cpp.cpp; path = error.cpp; sourceTree = "<group>"; };
		ED026D04171E94D700AD5FD6 /* error.hpp */ = {isa = PBXFileReference; fileEncoding = 4; lastKnownFileType = sourcecode.cpp.h; path = error.hpp; sourceTree = "<group>"; };
		ED0E441C1732FE4F00C4C283 /* application.cpp */ = {isa = PBXFileReference; fileEncoding = 4; lastKnownFileType = sourcecode.cpp.cpp; path = application.cpp; sourceTree = "<group>"; };
		ED0E441D1732FE4F00C4C283 /* application.hpp */ = {isa = PBXFileReference; fileEncoding = 4; lastKnownFileType = sourcecode.cpp.h; path = application.hpp; sourceTree = "<group>"; };
		ED6D7BDB1716B63A005DED18 /* p44bridged */ = {isa = PBXFileReference; explicitFileType = "compiled.mach-o.executable"; includeInIndex = 0; path = p44bridged; sourceTree = BUILT_PRODUCTS_DIR; };
		ED6D7BE81716B6B1005DED18 /* dalicomm.cpp */ = {isa = PBXFileReference; fileEncoding = 4; lastKnownFileType = sourcecode.cpp.cpp; lineEnding = 0; path = dalicomm.cpp; sourceTree = "<group>"; xcLanguageSpecificationIdentifier = xcode.lang.cpp; };
		ED6D7BE91716B6B1005DED18 /* dalicomm.hpp */ = {isa = PBXFileReference; fileEncoding = 4; lastKnownFileType = sourcecode.cpp.h; lineEnding = 0; path = dalicomm.hpp; sourceTree = "<group>"; xcLanguageSpecificationIdentifier = xcode.lang.cpp; };
		ED6D7BEA1716B6B1005DED18 /* main.cpp */ = {isa = PBXFileReference; fileEncoding = 4; lastKnownFileType = sourcecode.cpp.cpp; path = main.cpp; sourceTree = "<group>"; };
		ED6D7BEB1716B6B1005DED18 /* p44bridged_common.hpp */ = {isa = PBXFileReference; fileEncoding = 4; lastKnownFileType = sourcecode.cpp.h; path = p44bridged_common.hpp; sourceTree = "<group>"; };
		ED6D7BEE1716EAA6005DED18 /* logger.cpp */ = {isa = PBXFileReference; fileEncoding = 4; lastKnownFileType = sourcecode.cpp.cpp; path = logger.cpp; sourceTree = "<group>"; };
		ED6D7BEF1716EAA6005DED18 /* logger.hpp */ = {isa = PBXFileReference; fileEncoding = 4; lastKnownFileType = sourcecode.cpp.h; path = logger.hpp; sourceTree = "<group>"; };
		ED6D7BF617180766005DED18 /* serialqueue.cpp */ = {isa = PBXFileReference; fileEncoding = 4; lastKnownFileType = sourcecode.cpp.cpp; path = serialqueue.cpp; sourceTree = "<group>"; };
		ED6D7BF717180766005DED18 /* serialqueue.hpp */ = {isa = PBXFileReference; fileEncoding = 4; lastKnownFileType = sourcecode.cpp.h; path = serialqueue.hpp; sourceTree = "<group>"; };
		ED70716E171D428A00752E4D /* dalidefs.h */ = {isa = PBXFileReference; lastKnownFileType = sourcecode.c.h; path = dalidefs.h; sourceTree = "<group>"; };
		ED74563E1731B813001C9565 /* mainloop.cpp */ = {isa = PBXFileReference; fileEncoding = 4; lastKnownFileType = sourcecode.cpp.cpp; path = mainloop.cpp; sourceTree = "<group>"; };
		ED74563F1731B813001C9565 /* mainloop.hpp */ = {isa = PBXFileReference; fileEncoding = 4; lastKnownFileType = sourcecode.cpp.h; path = mainloop.hpp; sourceTree = "<group>"; };
		EDB284421732965700EAE5DE /* operationqueue.cpp */ = {isa = PBXFileReference; fileEncoding = 4; lastKnownFileType = sourcecode.cpp.cpp; path = operationqueue.cpp; sourceTree = "<group>"; };
		EDB284431732965700EAE5DE /* operationqueue.hpp */ = {isa = PBXFileReference; fileEncoding = 4; lastKnownFileType = sourcecode.cpp.h; path = operationqueue.hpp; sourceTree = "<group>"; };
		EDB284451733B4ED00EAE5DE /* enoceancomm.cpp */ = {isa = PBXFileReference; fileEncoding = 4; lastKnownFileType = sourcecode.cpp.cpp; lineEnding = 0; path = enoceancomm.cpp; sourceTree = "<group>"; xcLanguageSpecificationIdentifier = xcode.lang.cpp; };
		EDB284461733B4ED00EAE5DE /* enoceancomm.hpp */ = {isa = PBXFileReference; fileEncoding = 4; lastKnownFileType = sourcecode.cpp.h; lineEnding = 0; path = enoceancomm.hpp; sourceTree = "<group>"; xcLanguageSpecificationIdentifier = xcode.lang.cpp; };
		EDB284481733B59500EAE5DE /* serialcomm.cpp */ = {isa = PBXFileReference; fileEncoding = 4; lastKnownFileType = sourcecode.cpp.cpp; path = serialcomm.cpp; sourceTree = "<group>"; };
		EDB284491733B59500EAE5DE /* serialcomm.hpp */ = {isa = PBXFileReference; fileEncoding = 4; lastKnownFileType = sourcecode.cpp.h; path = serialcomm.hpp; sourceTree = "<group>"; };
		EDB2844B1733DE2900EAE5DE /* gpio.cpp */ = {isa = PBXFileReference; fileEncoding = 4; lastKnownFileType = sourcecode.cpp.cpp; path = gpio.cpp; sourceTree = "<group>"; };
		EDB2844C1733DE2A00EAE5DE /* gpio.hpp */ = {isa = PBXFileReference; fileEncoding = 4; lastKnownFileType = sourcecode.cpp.h; path = gpio.hpp; sourceTree = "<group>"; };
		EDCFE855171FE841001D35F3 /* device.cpp */ = {isa = PBXFileReference; fileEncoding = 4; lastKnownFileType = sourcecode.cpp.cpp; path = device.cpp; sourceTree = "<group>"; };
		EDCFE856171FE841001D35F3 /* device.hpp */ = {isa = PBXFileReference; fileEncoding = 4; lastKnownFileType = sourcecode.cpp.h; path = device.hpp; sourceTree = "<group>"; };
		EDCFE858171FE8A1001D35F3 /* dalidevice.cpp */ = {isa = PBXFileReference; fileEncoding = 4; lastKnownFileType = sourcecode.cpp.cpp; path = dalidevice.cpp; sourceTree = "<group>"; };
		EDCFE859171FE8A1001D35F3 /* dalidevice.hpp */ = {isa = PBXFileReference; fileEncoding = 4; lastKnownFileType = sourcecode.cpp.h; path = dalidevice.hpp; sourceTree = "<group>"; };
		EDCFE85B171FFAF5001D35F3 /* dsid.cpp */ = {isa = PBXFileReference; fileEncoding = 4; lastKnownFileType = sourcecode.cpp.cpp; path = dsid.cpp; sourceTree = "<group>"; };
		EDCFE85C171FFAF5001D35F3 /* dsid.hpp */ = {isa = PBXFileReference; fileEncoding = 4; lastKnownFileType = sourcecode.cpp.h; path = dsid.hpp; sourceTree = "<group>"; };
		EDCFE85E17203E47001D35F3 /* fnv.cpp */ = {isa = PBXFileReference; fileEncoding = 4; lastKnownFileType = sourcecode.cpp.cpp; path = fnv.cpp; sourceTree = "<group>"; };
		EDCFE85F17203E47001D35F3 /* fnv.hpp */ = {isa = PBXFileReference; fileEncoding = 4; lastKnownFileType = sourcecode.cpp.h; path = fnv.hpp; sourceTree = "<group>"; };
		EDCFE865172126B4001D35F3 /* xcode_docset_doxygen.sh */ = {isa = PBXFileReference; lastKnownFileType = text.script.sh; path = xcode_docset_doxygen.sh; sourceTree = "<group>"; };
		EDCFE86617212BA9001D35F3 /* doxygen.config */ = {isa = PBXFileReference; fileEncoding = 4; lastKnownFileType = text; path = doxygen.config; sourceTree = "<group>"; };
/* End PBXFileReference section */

/* Begin PBXFrameworksBuildPhase section */
		ED6D7BD81716B63A005DED18 /* Frameworks */ = {
			isa = PBXFrameworksBuildPhase;
			buildActionMask = 2147483647;
			files = (
			);
			runOnlyForDeploymentPostprocessing = 0;
		};
/* End PBXFrameworksBuildPhase section */

/* Begin PBXGroup section */
		ED6D7BD21716B63A005DED18 = {
			isa = PBXGroup;
			children = (
				ED6D7BE71716B6B1005DED18 /* classes */,
				ED6D7BEA1716B6B1005DED18 /* main.cpp */,
				ED6D7BEB1716B6B1005DED18 /* p44bridged_common.hpp */,
				EDCFE865172126B4001D35F3 /* xcode_docset_doxygen.sh */,
				EDCFE86617212BA9001D35F3 /* doxygen.config */,
				ED6D7BDC1716B63A005DED18 /* Products */,
			);
			sourceTree = "<group>";
		};
		ED6D7BDC1716B63A005DED18 /* Products */ = {
			isa = PBXGroup;
			children = (
				ED6D7BDB1716B63A005DED18 /* p44bridged */,
			);
			name = Products;
			sourceTree = "<group>";
		};
		ED6D7BE71716B6B1005DED18 /* classes */ = {
			isa = PBXGroup;
			children = (
				ED6D7BEE1716EAA6005DED18 /* logger.cpp */,
				ED6D7BEF1716EAA6005DED18 /* logger.hpp */,
				ED026CF7171D9CAB00AD5FD6 /* utils.cpp */,
				ED026CF8171D9CAB00AD5FD6 /* utils.hpp */,
				EDCFE85E17203E47001D35F3 /* fnv.cpp */,
				EDCFE85F17203E47001D35F3 /* fnv.hpp */,
				ED026D03171E94D700AD5FD6 /* error.cpp */,
				ED026D04171E94D700AD5FD6 /* error.hpp */,
				ED74563E1731B813001C9565 /* mainloop.cpp */,
				ED74563F1731B813001C9565 /* mainloop.hpp */,
				ED0E441C1732FE4F00C4C283 /* application.cpp */,
				ED0E441D1732FE4F00C4C283 /* application.hpp */,
				EDB2844B1733DE2900EAE5DE /* gpio.cpp */,
				EDB2844C1733DE2A00EAE5DE /* gpio.hpp */,
				EDB284421732965700EAE5DE /* operationqueue.cpp */,
				EDB284431732965700EAE5DE /* operationqueue.hpp */,
				ED6D7BF617180766005DED18 /* serialqueue.cpp */,
				ED6D7BF717180766005DED18 /* serialqueue.hpp */,
				EDB284481733B59500EAE5DE /* serialcomm.cpp */,
				EDB284491733B59500EAE5DE /* serialcomm.hpp */,
				ED70716E171D428A00752E4D /* dalidefs.h */,
				ED6D7BE81716B6B1005DED18 /* dalicomm.cpp */,
				ED6D7BE91716B6B1005DED18 /* dalicomm.hpp */,
				EDB284451733B4ED00EAE5DE /* enoceancomm.cpp */,
				EDB284461733B4ED00EAE5DE /* enoceancomm.hpp */,
				EDCFE85B171FFAF5001D35F3 /* dsid.cpp */,
				EDCFE85C171FFAF5001D35F3 /* dsid.hpp */,
				ED026CFA171E8D6200AD5FD6 /* devicecontainer.cpp */,
				ED026CFB171E8D6200AD5FD6 /* devicecontainer.hpp */,
				ED026CFD171E8EC100AD5FD6 /* deviceclasscontainer.cpp */,
				ED026CFE171E8EC200AD5FD6 /* deviceclasscontainer.hpp */,
				ED026D00171E91EB00AD5FD6 /* dalidevicecontainer.cpp */,
				ED026D01171E91EB00AD5FD6 /* dalidevicecontainer.hpp */,
				EDCFE855171FE841001D35F3 /* device.cpp */,
				EDCFE856171FE841001D35F3 /* device.hpp */,
				EDCFE858171FE8A1001D35F3 /* dalidevice.cpp */,
				EDCFE859171FE8A1001D35F3 /* dalidevice.hpp */,
			);
			path = classes;
			sourceTree = "<group>";
		};
/* End PBXGroup section */

/* Begin PBXLegacyTarget section */
		EDCFE861172125F7001D35F3 /* p44bridged doxygen */ = {
			isa = PBXLegacyTarget;
			buildArgumentsString = "";
			buildConfigurationList = EDCFE862172125F7001D35F3 /* Build configuration list for PBXLegacyTarget "p44bridged doxygen" */;
			buildPhases = (
			);
			buildToolPath = ./xcode_docset_doxygen.sh;
			buildWorkingDirectory = "$(PROJECT_DIR)";
			dependencies = (
			);
			name = "p44bridged doxygen";
			passBuildSettingsInEnvironment = 1;
			productName = "p44bridged doxygen";
		};
/* End PBXLegacyTarget section */

/* Begin PBXNativeTarget section */
		ED6D7BDA1716B63A005DED18 /* p44bridged */ = {
			isa = PBXNativeTarget;
			buildConfigurationList = ED6D7BE41716B63A005DED18 /* Build configuration list for PBXNativeTarget "p44bridged" */;
			buildPhases = (
				ED6D7BD71716B63A005DED18 /* Sources */,
				ED6D7BD81716B63A005DED18 /* Frameworks */,
				ED6D7BD91716B63A005DED18 /* CopyFiles */,
			);
			buildRules = (
			);
			dependencies = (
			);
			name = p44bridged;
			productName = p44bridged;
			productReference = ED6D7BDB1716B63A005DED18 /* p44bridged */;
			productType = "com.apple.product-type.tool";
		};
/* End PBXNativeTarget section */

/* Begin PBXProject section */
		ED6D7BD31716B63A005DED18 /* Project object */ = {
			isa = PBXProject;
			attributes = {
				LastUpgradeCheck = 0460;
				ORGANIZATIONNAME = plan44.ch;
			};
			buildConfigurationList = ED6D7BD61716B63A005DED18 /* Build configuration list for PBXProject "p44bridged" */;
			compatibilityVersion = "Xcode 3.2";
			developmentRegion = English;
			hasScannedForEncodings = 0;
			knownRegions = (
				en,
			);
			mainGroup = ED6D7BD21716B63A005DED18;
			productRefGroup = ED6D7BDC1716B63A005DED18 /* Products */;
			projectDirPath = "";
			projectRoot = "";
			targets = (
				ED6D7BDA1716B63A005DED18 /* p44bridged */,
				EDCFE861172125F7001D35F3 /* p44bridged doxygen */,
			);
		};
/* End PBXProject section */

/* Begin PBXSourcesBuildPhase section */
		ED6D7BD71716B63A005DED18 /* Sources */ = {
			isa = PBXSourcesBuildPhase;
			buildActionMask = 2147483647;
			files = (
				ED6D7BEC1716B6B1005DED18 /* dalicomm.cpp in Sources */,
				ED6D7BED1716B6B1005DED18 /* main.cpp in Sources */,
				ED6D7BF01716EAA7005DED18 /* logger.cpp in Sources */,
				ED6D7BF817180766005DED18 /* serialqueue.cpp in Sources */,
				ED026CF9171D9CAB00AD5FD6 /* utils.cpp in Sources */,
				ED026CFC171E8D6200AD5FD6 /* devicecontainer.cpp in Sources */,
				ED026CFF171E8EC200AD5FD6 /* deviceclasscontainer.cpp in Sources */,
				ED026D02171E91EB00AD5FD6 /* dalidevicecontainer.cpp in Sources */,
				ED026D05171E94D700AD5FD6 /* error.cpp in Sources */,
				EDCFE857171FE841001D35F3 /* device.cpp in Sources */,
				EDCFE85A171FE8A1001D35F3 /* dalidevice.cpp in Sources */,
				EDCFE85D171FFAF6001D35F3 /* dsid.cpp in Sources */,
				EDCFE86017203E48001D35F3 /* fnv.cpp in Sources */,
				ED7456401731B813001C9565 /* mainloop.cpp in Sources */,
				EDB284441732965700EAE5DE /* operationqueue.cpp in Sources */,
				ED0E441E1732FE4F00C4C283 /* application.cpp in Sources */,
				EDB284471733B4ED00EAE5DE /* enoceancomm.cpp in Sources */,
				EDB2844A1733B59500EAE5DE /* serialcomm.cpp in Sources */,
				EDB2844D1733DE2A00EAE5DE /* gpio.cpp in Sources */,
			);
			runOnlyForDeploymentPostprocessing = 0;
		};
/* End PBXSourcesBuildPhase section */

/* Begin XCBuildConfiguration section */
		ED6D7BE21716B63A005DED18 /* Debug */ = {
			isa = XCBuildConfiguration;
			buildSettings = {
				ALWAYS_SEARCH_USER_PATHS = NO;
				ARCHS = "$(ARCHS_STANDARD_64_BIT)";
				CLANG_CXX_LANGUAGE_STANDARD = "gnu++0x";
				CLANG_CXX_LIBRARY = "libc++";
				CLANG_WARN_CONSTANT_CONVERSION = YES;
				CLANG_WARN_EMPTY_BODY = YES;
				CLANG_WARN_ENUM_CONVERSION = YES;
				CLANG_WARN_INT_CONVERSION = YES;
				CLANG_WARN__DUPLICATE_METHOD_MATCH = YES;
				COPY_PHASE_STRIP = NO;
				GCC_C_LANGUAGE_STANDARD = gnu99;
				GCC_DYNAMIC_NO_PIC = NO;
				GCC_ENABLE_OBJC_EXCEPTIONS = YES;
				GCC_OPTIMIZATION_LEVEL = 0;
				GCC_PREPROCESSOR_DEFINITIONS = (
					"DEBUG=1",
					"$(inherited)",
				);
				GCC_SYMBOLS_PRIVATE_EXTERN = NO;
				GCC_WARN_64_TO_32_BIT_CONVERSION = YES;
				GCC_WARN_ABOUT_RETURN_TYPE = YES;
				GCC_WARN_UNINITIALIZED_AUTOS = YES;
				GCC_WARN_UNUSED_VARIABLE = YES;
				HEADER_SEARCH_PATHS = /usr/local/Cellar/boost/1.53.0/include;
				MACOSX_DEPLOYMENT_TARGET = 10.8;
				ONLY_ACTIVE_ARCH = YES;
				SDKROOT = macosx;
			};
			name = Debug;
		};
		ED6D7BE31716B63A005DED18 /* Release */ = {
			isa = XCBuildConfiguration;
			buildSettings = {
				ALWAYS_SEARCH_USER_PATHS = NO;
				ARCHS = "$(ARCHS_STANDARD_64_BIT)";
				CLANG_CXX_LANGUAGE_STANDARD = "gnu++0x";
				CLANG_CXX_LIBRARY = "libc++";
				CLANG_WARN_CONSTANT_CONVERSION = YES;
				CLANG_WARN_EMPTY_BODY = YES;
				CLANG_WARN_ENUM_CONVERSION = YES;
				CLANG_WARN_INT_CONVERSION = YES;
				CLANG_WARN__DUPLICATE_METHOD_MATCH = YES;
				COPY_PHASE_STRIP = YES;
				DEBUG_INFORMATION_FORMAT = "dwarf-with-dsym";
				GCC_C_LANGUAGE_STANDARD = gnu99;
				GCC_ENABLE_OBJC_EXCEPTIONS = YES;
				GCC_WARN_64_TO_32_BIT_CONVERSION = YES;
				GCC_WARN_ABOUT_RETURN_TYPE = YES;
				GCC_WARN_UNINITIALIZED_AUTOS = YES;
				GCC_WARN_UNUSED_VARIABLE = YES;
				HEADER_SEARCH_PATHS = /usr/local/Cellar/boost/1.53.0/include;
				MACOSX_DEPLOYMENT_TARGET = 10.8;
				SDKROOT = macosx;
			};
			name = Release;
		};
		ED6D7BE51716B63A005DED18 /* Debug */ = {
			isa = XCBuildConfiguration;
			buildSettings = {
				PRODUCT_NAME = "$(TARGET_NAME)";
			};
			name = Debug;
		};
		ED6D7BE61716B63A005DED18 /* Release */ = {
			isa = XCBuildConfiguration;
			buildSettings = {
				PRODUCT_NAME = "$(TARGET_NAME)";
			};
			name = Release;
		};
		EDCFE863172125F7001D35F3 /* Debug */ = {
			isa = XCBuildConfiguration;
			buildSettings = {
				DEBUGGING_SYMBOLS = YES;
				GCC_GENERATE_DEBUGGING_SYMBOLS = YES;
				GCC_OPTIMIZATION_LEVEL = 0;
				OTHER_CFLAGS = "";
				OTHER_LDFLAGS = "";
				PRODUCT_NAME = "$(TARGET_NAME)";
			};
			name = Debug;
		};
		EDCFE864172125F7001D35F3 /* Release */ = {
			isa = XCBuildConfiguration;
			buildSettings = {
				OTHER_CFLAGS = "";
				OTHER_LDFLAGS = "";
				PRODUCT_NAME = "$(TARGET_NAME)";
			};
			name = Release;
		};
/* End XCBuildConfiguration section */

/* Begin XCConfigurationList section */
		ED6D7BD61716B63A005DED18 /* Build configuration list for PBXProject "p44bridged" */ = {
			isa = XCConfigurationList;
			buildConfigurations = (
				ED6D7BE21716B63A005DED18 /* Debug */,
				ED6D7BE31716B63A005DED18 /* Release */,
			);
			defaultConfigurationIsVisible = 0;
			defaultConfigurationName = Release;
		};
		ED6D7BE41716B63A005DED18 /* Build configuration list for PBXNativeTarget "p44bridged" */ = {
			isa = XCConfigurationList;
			buildConfigurations = (
				ED6D7BE51716B63A005DED18 /* Debug */,
				ED6D7BE61716B63A005DED18 /* Release */,
			);
			defaultConfigurationIsVisible = 0;
			defaultConfigurationName = Release;
		};
		EDCFE862172125F7001D35F3 /* Build configuration list for PBXLegacyTarget "p44bridged doxygen" */ = {
			isa = XCConfigurationList;
			buildConfigurations = (
				EDCFE863172125F7001D35F3 /* Debug */,
				EDCFE864172125F7001D35F3 /* Release */,
			);
			defaultConfigurationIsVisible = 0;
			defaultConfigurationName = Release;
		};
/* End XCConfigurationList section */
	};
	rootObject = ED6D7BD31716B63A005DED18 /* Project object */;
}
