<?xml version="1.0" encoding="UTF-8"?>
<Scheme
   LastUpgradeVersion = "0800"
   version = "1.3">
   <BuildAction
      parallelizeBuildables = "YES"
      buildImplicitDependencies = "YES">
      <BuildActionEntries>
         <BuildActionEntry
            buildForTesting = "YES"
            buildForRunning = "YES"
            buildForProfiling = "YES"
            buildForArchiving = "YES"
            buildForAnalyzing = "YES">
            <BuildableReference
               BuildableIdentifier = "primary"
               BlueprintIdentifier = "ED6CCD421D198FA000C78A0D"
               BuildableName = "vdcd_tests"
               BlueprintName = "vdcd_tests"
               ReferencedContainer = "container:vdcd.xcodeproj">
            </BuildableReference>
         </BuildActionEntry>
      </BuildActionEntries>
   </BuildAction>
   <TestAction
      buildConfiguration = "Debug"
      selectedDebuggerIdentifier = "Xcode.DebuggerFoundation.Debugger.LLDB"
      selectedLauncherIdentifier = "Xcode.DebuggerFoundation.Launcher.LLDB"
      shouldUseLaunchSchemeArgsEnv = "YES"
      systemAttachmentLifetime = "keepNever"
      userAttachmentLifetime = "keepAlways"
      codeCoverageEnabled = "YES"
      onlyGenerateCoverageForSpecifiedTargets = "YES">
      <CodeCoverageTargets>
         <BuildableReference
            BuildableIdentifier = "primary"
            BlueprintIdentifier = "ED6CCD421D198FA000C78A0D"
            BuildableName = "vdcd_tests"
            BlueprintName = "vdcd_tests"
            ReferencedContainer = "container:vdcd.xcodeproj">
         </BuildableReference>
      </CodeCoverageTargets>
      <Testables>
      </Testables>
   </TestAction>
   <LaunchAction
      buildConfiguration = "Debug"
      selectedDebuggerIdentifier = "Xcode.DebuggerFoundation.Debugger.LLDB"
      selectedLauncherIdentifier = "Xcode.DebuggerFoundation.Launcher.LLDB"
      enableAddressSanitizer = "YES"
      enableASanStackUseAfterReturn = "YES"
      launchStyle = "0"
      useCustomWorkingDirectory = "NO"
      ignoresPersistentStateOnLaunch = "NO"
      debugDocumentVersioning = "YES"
      debugServiceExtension = "internal"
      allowLocationSimulation = "YES">
      <BuildableProductRunnable
         runnableDebuggingMode = "0">
         <BuildableReference
            BuildableIdentifier = "primary"
            BlueprintIdentifier = "ED6CCD421D198FA000C78A0D"
            BuildableName = "vdcd_tests"
            BlueprintName = "vdcd_tests"
            ReferencedContainer = "container:vdcd.xcodeproj">
         </BuildableReference>
      </BuildableProductRunnable>
      <CommandLineArguments>
         <CommandLineArgument
            argument = "[DEBUG]"
            isEnabled = "NO">
         </CommandLineArgument>
         <CommandLineArgument
            argument = "[FOCUS]"
            isEnabled = "NO">
         </CommandLineArgument>
         <CommandLineArgument
            argument = "[http],[https]"
            isEnabled = "NO">
         </CommandLineArgument>
         <CommandLineArgument
            argument = "[macaddress]"
            isEnabled = "NO">
         </CommandLineArgument>
         <CommandLineArgument
            argument = "[time]"
            isEnabled = "NO">
         </CommandLineArgument>
         <CommandLineArgument
            argument = "[ssl]"
            isEnabled = "NO">
         </CommandLineArgument>
         <CommandLineArgument
            argument = "[timeutils]"
            isEnabled = "NO">
         </CommandLineArgument>
         <CommandLineArgument
            argument = "[expressions],[scripting]"
            isEnabled = "NO">
         </CommandLineArgument>
         <CommandLineArgument
            argument = "[expressions]"
            isEnabled = "NO">
         </CommandLineArgument>
         <CommandLineArgument
            argument = "[scripting]"
            isEnabled = "NO">
         </CommandLineArgument>
         <CommandLineArgument
            argument = "[utils]"
            isEnabled = "NO">
         </CommandLineArgument>
         <CommandLineArgument
            argument = "[https]"
            isEnabled = "NO">
         </CommandLineArgument>
         <CommandLineArgument
            argument = "[http]"
            isEnabled = "NO">
         </CommandLineArgument>
         <CommandLineArgument
            argument = "-?"
            isEnabled = "NO">
         </CommandLineArgument>
         <CommandLineArgument
            argument = "--success"
            isEnabled = "NO">
         </CommandLineArgument>
         <CommandLineArgument
            argument = "--list-tests"
            isEnabled = "NO">
         </CommandLineArgument>
         <CommandLineArgument
            argument = "--list-tags"
            isEnabled = "NO">
         </CommandLineArgument>
      </CommandLineArguments>
   </LaunchAction>
   <ProfileAction
      buildConfiguration = "Release"
      shouldUseLaunchSchemeArgsEnv = "YES"
      savedToolIdentifier = ""
      useCustomWorkingDirectory = "NO"
      debugDocumentVersioning = "YES">
      <BuildableProductRunnable
         runnableDebuggingMode = "0">
         <BuildableReference
            BuildableIdentifier = "primary"
            BlueprintIdentifier = "ED6CCD421D198FA000C78A0D"
            BuildableName = "vdcd_tests"
            BlueprintName = "vdcd_tests"
            ReferencedContainer = "container:vdcd.xcodeproj">
         </BuildableReference>
      </BuildableProductRunnable>
   </ProfileAction>
   <AnalyzeAction
      buildConfiguration = "Debug">
   </AnalyzeAction>
   <ArchiveAction
      buildConfiguration = "Release"
      revealArchiveInOrganizer = "YES">
   </ArchiveAction>
</Scheme>
