<?xml version="1.0" encoding="UTF-8"?>
<Scheme
   LastUpgradeVersion = "0460"
   version = "1.3">
   <BuildAction
      parallelizeBuildables = "YES"
      buildImplicitDependencies = "YES">
      <BuildActionEntries>
         <BuildActionEntry
            buildForTesting = "YES"
            buildForRunning = "YES"
            buildForProfiling = "YES"
            buildForArchiving = "YES"
            buildForAnalyzing = "YES">
            <BuildableReference
               BuildableIdentifier = "primary"
               BlueprintIdentifier = "ED6D7BDA1716B63A005DED18"
               BuildableName = "vdcd"
               BlueprintName = "vdcd"
               ReferencedContainer = "container:vdcd.xcodeproj">
            </BuildableReference>
         </BuildActionEntry>
      </BuildActionEntries>
   </BuildAction>
   <TestAction
      selectedDebuggerIdentifier = "Xcode.DebuggerFoundation.Debugger.LLDB"
      selectedLauncherIdentifier = "Xcode.DebuggerFoundation.Launcher.LLDB"
      shouldUseLaunchSchemeArgsEnv = "YES"
      buildConfiguration = "Debug">
      <Testables>
      </Testables>
      <MacroExpansion>
         <BuildableReference
            BuildableIdentifier = "primary"
            BlueprintIdentifier = "ED6D7BDA1716B63A005DED18"
            BuildableName = "vdcd"
            BlueprintName = "vdcd"
            ReferencedContainer = "container:vdcd.xcodeproj">
         </BuildableReference>
      </MacroExpansion>
   </TestAction>
   <LaunchAction
      selectedDebuggerIdentifier = "Xcode.DebuggerFoundation.Debugger.LLDB"
      selectedLauncherIdentifier = "Xcode.DebuggerFoundation.Launcher.LLDB"
      launchStyle = "0"
      useCustomWorkingDirectory = "NO"
      buildConfiguration = "Debug"
      ignoresPersistentStateOnLaunch = "NO"
      debugDocumentVersioning = "YES"
      allowLocationSimulation = "YES">
      <BuildableProductRunnable>
         <BuildableReference
            BuildableIdentifier = "primary"
            BlueprintIdentifier = "ED6D7BDA1716B63A005DED18"
            BuildableName = "vdcd"
            BlueprintName = "vdcd"
            ReferencedContainer = "container:vdcd.xcodeproj">
         </BuildableReference>
      </BuildableProductRunnable>
      <CommandLineArguments>
         <CommandLineArgument
            argument = "--help"
            isEnabled = "NO">
         </CommandLineArgument>
         <CommandLineArgument
            argument = "--protobufapi 0"
            isEnabled = "NO">
         </CommandLineArgument>
         <CommandLineArgument
            argument = "--selftest"
            isEnabled = "NO">
         </CommandLineArgument>
         <CommandLineArgument
            argument = "--sqlitedir /tmp/vdcd"
            isEnabled = "YES">
         </CommandLineArgument>
         <CommandLineArgument
            argument = "--button simpin.a -k button:button -k taste:button -k schalter:button -k dimmer:button -k licht1:dimmer -k licht2:dimmer -k farb1:colordimmer -k farb2:colordimmer -k heizventil:valve -l 7"
            isEnabled = "NO">
         </CommandLineArgument>
         <CommandLineArgument
            argument = "--button simpin.a -l 7 -k testin:button"
            isEnabled = "YES">
         </CommandLineArgument>
         <CommandLineArgument
            argument = "-l 7"
            isEnabled = "YES">
         </CommandLineArgument>
         <CommandLineArgument
            argument = "-l 6"
            isEnabled = "NO">
         </CommandLineArgument>
         <CommandLineArgument
            argument = "--vdsmnonlocal"
            isEnabled = "NO">
         </CommandLineArgument>
         <CommandLineArgument
            argument = "--cfgapiport 8090"
            isEnabled = "YES">
         </CommandLineArgument>
         <CommandLineArgument
            argument = "--dali 192.168.59.233 --daliportidle 15"
            isEnabled = "NO">
         </CommandLineArgument>
         <CommandLineArgument
            argument = "--dali 192.168.59.221"
            isEnabled = "NO">
         </CommandLineArgument>
         <CommandLineArgument
            argument = "--enocean 192.168.1.221"
            isEnabled = "NO">
         </CommandLineArgument>
         <CommandLineArgument
            argument = "--enocean /dev/cu.usbserial-FTVEQ3US"
            isEnabled = "NO">
         </CommandLineArgument>
         <CommandLineArgument
            argument = "--enoceanreset gpioNS9XXXX.enoceanreset"
            isEnabled = "NO">
         </CommandLineArgument>
         <CommandLineArgument
            argument = "--huelights"
            isEnabled = "NO">
         </CommandLineArgument>
         <CommandLineArgument
            argument = "--ola"
            isEnabled = "YES">
         </CommandLineArgument>
         <CommandLineArgument
            argument = "--staticdevices"
            isEnabled = "NO">
         </CommandLineArgument>
         <CommandLineArgument
            argument = "--icondir /Users/luz/Documents/plan44/Projekte/plan44dalibridge/open/p44BridgeLinux/p44/www/icons"
            isEnabled = "YES">
         </CommandLineArgument>
         <CommandLineArgument
            argument = "--redled gpioNS9XXXX.ledred --greenled gpioNS9XXXX.ledgreen --button gpioNS9XXXX.button"
            isEnabled = "NO">
         </CommandLineArgument>
         <CommandLineArgument
            argument = "--digitalio testbutton:button --digitalio testlamp:dimmer--digitalio i2c1.TCA9555@25.7:light"
            isEnabled = "NO">
         </CommandLineArgument>
         <CommandLineArgument
            argument = "--digitalio simpin.swkl200Z:dimmer"
            isEnabled = "NO">
         </CommandLineArgument>
         <CommandLineArgument
            argument = "--button simpin.a"
            isEnabled = "NO">
         </CommandLineArgument>
         <CommandLineArgument
            argument = "-k testin:button -k dimmer:button"
            isEnabled = "NO">
         </CommandLineArgument>
         <CommandLineArgument
            argument = "-k testout:dimmer"
            isEnabled = "NO">
         </CommandLineArgument>
         <CommandLineArgument
            argument = "-k testcolor:colordimmer"
            isEnabled = "NO">
         </CommandLineArgument>
         <CommandLineArgument
            argument = "-k heizventil:valve"
            isEnabled = "NO">
         </CommandLineArgument>
      </CommandLineArguments>
      <AdditionalOptions>
         <AdditionalOption
            key = "MallocStackLogging"
            value = ""
            isEnabled = "YES">
         </AdditionalOption>
         <AdditionalOption
            key = "DYLD_INSERT_LIBRARIES"
            value = "/usr/lib/libgmalloc.dylib"
            isEnabled = "YES">
         </AdditionalOption>
      </AdditionalOptions>
   </LaunchAction>
   <ProfileAction
      shouldUseLaunchSchemeArgsEnv = "YES"
      savedToolIdentifier = ""
      useCustomWorkingDirectory = "NO"
      buildConfiguration = "Release"
      debugDocumentVersioning = "YES">
      <BuildableProductRunnable>
         <BuildableReference
            BuildableIdentifier = "primary"
            BlueprintIdentifier = "ED6D7BDA1716B63A005DED18"
            BuildableName = "vdcd"
            BlueprintName = "vdcd"
            ReferencedContainer = "container:vdcd.xcodeproj">
         </BuildableReference>
      </BuildableProductRunnable>
   </ProfileAction>
   <AnalyzeAction
      buildConfiguration = "Debug">
   </AnalyzeAction>
   <ArchiveAction
      buildConfiguration = "Release"
      revealArchiveInOrganizer = "YES">
   </ArchiveAction>
</Scheme>
