<?xml version="1.0" encoding="UTF-8"?>
<Scheme
   LastUpgradeVersion = "0800"
   version = "1.3">
   <BuildAction
      parallelizeBuildables = "YES"
      buildImplicitDependencies = "YES">
      <BuildActionEntries>
         <BuildActionEntry
            buildForTesting = "YES"
            buildForRunning = "YES"
            buildForProfiling = "YES"
            buildForArchiving = "YES"
            buildForAnalyzing = "YES">
            <BuildableReference
               BuildableIdentifier = "primary"
               BlueprintIdentifier = "ED6D7BDA1716B63A005DED18"
               BuildableName = "vdcd"
               BlueprintName = "vdcd"
               ReferencedContainer = "container:vdcd.xcodeproj">
            </BuildableReference>
         </BuildActionEntry>
      </BuildActionEntries>
   </BuildAction>
   <TestAction
      buildConfiguration = "Debug"
      selectedDebuggerIdentifier = "Xcode.DebuggerFoundation.Debugger.LLDB"
      selectedLauncherIdentifier = "Xcode.DebuggerFoundation.Launcher.LLDB"
      enableThreadSanitizer = "YES"
      enableUBSanitizer = "YES"
      shouldUseLaunchSchemeArgsEnv = "YES">
      <Testables>
      </Testables>
      <MacroExpansion>
         <BuildableReference
            BuildableIdentifier = "primary"
            BlueprintIdentifier = "ED6D7BDA1716B63A005DED18"
            BuildableName = "vdcd"
            BlueprintName = "vdcd"
            ReferencedContainer = "container:vdcd.xcodeproj">
         </BuildableReference>
      </MacroExpansion>
      <AdditionalOptions>
      </AdditionalOptions>
   </TestAction>
   <LaunchAction
      buildConfiguration = "Debug"
      selectedDebuggerIdentifier = "Xcode.DebuggerFoundation.Debugger.LLDB"
      selectedLauncherIdentifier = "Xcode.DebuggerFoundation.Launcher.LLDB"
      enableAddressSanitizer = "YES"
      enableASanStackUseAfterReturn = "YES"
      enableUBSanitizer = "YES"
      launchStyle = "0"
      useCustomWorkingDirectory = "NO"
      ignoresPersistentStateOnLaunch = "NO"
      debugDocumentVersioning = "YES"
      debugServiceExtension = "internal"
      allowLocationSimulation = "YES">
      <PreActions>
         <ExecutionAction
            ActionType = "Xcode.IDEStandardExecutionActionsCore.ExecutionActionType.ShellScriptAction">
            <ActionContent
               title = "Run Script"
               scriptText = "mkdir -p /tmp/vdcd">
            </ActionContent>
         </ExecutionAction>
      </PreActions>
      <BuildableProductRunnable
         runnableDebuggingMode = "0">
         <BuildableReference
            BuildableIdentifier = "primary"
            BlueprintIdentifier = "ED6D7BDA1716B63A005DED18"
            BuildableName = "vdcd"
            BlueprintName = "vdcd"
            ReferencedContainer = "container:vdcd.xcodeproj">
         </BuildableReference>
      </BuildableProductRunnable>
      <CommandLineArguments>
         <CommandLineArgument
            argument = "--help"
            isEnabled = "NO">
         </CommandLineArgument>
         <CommandLineArgument
            argument = "--ifnameformac en0 --ifnameforconn en0"
            isEnabled = "NO">
         </CommandLineArgument>
         <CommandLineArgument
            argument = "--maxapiversion 2"
            isEnabled = "NO">
         </CommandLineArgument>
         <CommandLineArgument
            argument = "--deviceid 424242"
            isEnabled = "YES">
         </CommandLineArgument>
         <CommandLineArgument
            argument = "--localcontroller"
            isEnabled = "NO">
         </CommandLineArgument>
         <CommandLineArgument
            argument = "--novdcapi"
            isEnabled = "NO">
         </CommandLineArgument>
         <CommandLineArgument
            argument = "--description &quot;%V %M%N S/N:%S&quot;"
            isEnabled = "NO">
         </CommandLineArgument>
         <CommandLineArgument
            argument = "--nodiscovery"
            isEnabled = "NO">
         </CommandLineArgument>
         <CommandLineArgument
            argument = "--productname P44-DSB-Mac"
            isEnabled = "YES">
         </CommandLineArgument>
         <CommandLineArgument
            argument = "--productversion 1.0.0.42"
            isEnabled = "YES">
         </CommandLineArgument>
         <CommandLineArgument
            argument = "--sqlitedir /tmp/vdcd"
            isEnabled = "NO">
         </CommandLineArgument>
         <CommandLineArgument
            argument = "--sqlitedir /Users/luz/Documents/plan44/Projekte/plan44dalibridge/plan44/hacking/xcode-vdcd-data"
            isEnabled = "YES">
         </CommandLineArgument>
         <CommandLineArgument
            argument = "--icondir /Users/luz/Documents/plan44/Projekte/plan44dalibridge/open/p44-dsb-e-RPi/p44dsb-webui/build/tmp/www/icons"
            isEnabled = "YES">
         </CommandLineArgument>
         <CommandLineArgument
            argument = "--button simpin.button:a"
            isEnabled = "YES">
         </CommandLineArgument>
         <CommandLineArgument
            argument = "--redled simpin.R --greenled simpin.G"
            isEnabled = "YES">
         </CommandLineArgument>
         <CommandLineArgument
            argument = "-k testin:button"
            isEnabled = "YES">
         </CommandLineArgument>
         <CommandLineArgument
            argument = "-k rocker:rocker"
            isEnabled = "YES">
         </CommandLineArgument>
         <CommandLineArgument
            argument = "-k testout:colordimmer"
            isEnabled = "YES">
         </CommandLineArgument>
         <CommandLineArgument
            argument = "-k ab:sensor -k cd:sensor -k ef:sensor -k gh:sensor"
            isEnabled = "NO">
         </CommandLineArgument>
         <CommandLineArgument
            argument = "-l 7"
            isEnabled = "YES">
         </CommandLineArgument>
         <CommandLineArgument
            argument = "-l 6"
            isEnabled = "NO">
         </CommandLineArgument>
         <CommandLineArgument
            argument = "-l 5"
            isEnabled = "NO">
         </CommandLineArgument>
         <CommandLineArgument
            argument = "--mainloopstats 3"
            isEnabled = "NO">
         </CommandLineArgument>
         <CommandLineArgument
            argument = "--deltatstamps"
            isEnabled = "YES">
         </CommandLineArgument>
         <CommandLineArgument
            argument = "--dontlogerrors"
            isEnabled = "YES">
         </CommandLineArgument>
         <CommandLineArgument
            argument = "--vdsmnonlocal"
            isEnabled = "YES">
         </CommandLineArgument>
         <CommandLineArgument
            argument = "--cfgapiport 8090"
            isEnabled = "YES">
         </CommandLineArgument>
         <CommandLineArgument
            argument = "--cfgapinonlocal"
            isEnabled = "YES">
         </CommandLineArgument>
         <CommandLineArgument
            argument = "--vdsmnotaux"
            isEnabled = "NO">
         </CommandLineArgument>
         <CommandLineArgument
            argument = "--ledchain WS2812:/tmp/ledchainsim:200 --ledchainmax 255"
            isEnabled = "NO">
         </CommandLineArgument>
         <CommandLineArgument
            argument = "--huelights"
            isEnabled = "NO">
         </CommandLineArgument>
         <CommandLineArgument
            argument = "--allowcloud"
            isEnabled = "NO">
         </CommandLineArgument>
         <CommandLineArgument
            argument = "--ola"
            isEnabled = "NO">
         </CommandLineArgument>
         <CommandLineArgument
            argument = "--evaluators"
            isEnabled = "YES">
         </CommandLineArgument>
         <CommandLineArgument
            argument = "--staticdevices"
            isEnabled = "NO">
         </CommandLineArgument>
         <CommandLineArgument
            argument = "--dali 192.168.59.195 --daliportidle 10"
            isEnabled = "NO">
         </CommandLineArgument>
         <CommandLineArgument
            argument = "--dali 192.168.2.6 --daliportidle 10"
            isEnabled = "NO">
         </CommandLineArgument>
         <CommandLineArgument
            argument = "--dali 192.168.59.221 --daliportidle 10"
            isEnabled = "NO">
         </CommandLineArgument>
         <CommandLineArgument
            argument = "--dali localhost:2101 --daliportidle 10 --dalitxadj 16"
            isEnabled = "NO">
         </CommandLineArgument>
         <CommandLineArgument
            argument = "--enocean 192.168.59.195"
            isEnabled = "NO">
         </CommandLineArgument>
         <CommandLineArgument
            argument = "--enocean /dev/cu.usbserial-FTVEQ3US"
            isEnabled = "NO">
         </CommandLineArgument>
         <CommandLineArgument
            argument = "--eldat 192.168.59.84"
            isEnabled = "NO">
         </CommandLineArgument>
         <CommandLineArgument
            argument = "--zf /dev/cu.usbserial-FTG9KO99"
            isEnabled = "NO">
         </CommandLineArgument>
         <CommandLineArgument
            argument = "--externaldevices 8999"
            isEnabled = "YES">
         </CommandLineArgument>
         <CommandLineArgument
            argument = "--externalnonlocal"
            isEnabled = "YES">
         </CommandLineArgument>
         <CommandLineArgument
            argument = "--externaldevices /tmp/devicesock"
            isEnabled = "NO">
         </CommandLineArgument>
      </CommandLineArguments>
      <AdditionalOptions>
         <AdditionalOption
            key = "NSZombieEnabled"
            value = "YES"
            isEnabled = "YES">
         </AdditionalOption>
         <AdditionalOption
            key = "MallocScribble"
            value = ""
            isEnabled = "YES">
         </AdditionalOption>
      </AdditionalOptions>
   </LaunchAction>
   <ProfileAction
      buildConfiguration = "Release"
      shouldUseLaunchSchemeArgsEnv = "YES"
      savedToolIdentifier = ""
      useCustomWorkingDirectory = "NO"
      debugDocumentVersioning = "YES">
      <BuildableProductRunnable
         runnableDebuggingMode = "0">
         <BuildableReference
            BuildableIdentifier = "primary"
            BlueprintIdentifier = "ED6D7BDA1716B63A005DED18"
            BuildableName = "vdcd"
            BlueprintName = "vdcd"
            ReferencedContainer = "container:vdcd.xcodeproj">
         </BuildableReference>
      </BuildableProductRunnable>
   </ProfileAction>
   <AnalyzeAction
      buildConfiguration = "Debug">
   </AnalyzeAction>
   <ArchiveAction
      buildConfiguration = "Release"
      revealArchiveInOrganizer = "YES">
   </ArchiveAction>
</Scheme>
