<?xml version="1.0" encoding="UTF-8"?>
<Scheme
   LastUpgradeVersion = "0460"
   version = "1.3">
   <BuildAction
      parallelizeBuildables = "YES"
      buildImplicitDependencies = "YES">
      <BuildActionEntries>
         <BuildActionEntry
            buildForTesting = "YES"
            buildForRunning = "YES"
            buildForProfiling = "YES"
            buildForArchiving = "YES"
            buildForAnalyzing = "YES">
            <BuildableReference
               BuildableIdentifier = "primary"
               BlueprintIdentifier = "ED6D7BDA1716B63A005DED18"
               BuildableName = "vdcd"
               BlueprintName = "vdcd"
               ReferencedContainer = "container:vdcd.xcodeproj">
            </BuildableReference>
         </BuildActionEntry>
      </BuildActionEntries>
   </BuildAction>
   <TestAction
      selectedDebuggerIdentifier = "Xcode.DebuggerFoundation.Debugger.LLDB"
      selectedLauncherIdentifier = "Xcode.DebuggerFoundation.Launcher.LLDB"
      shouldUseLaunchSchemeArgsEnv = "YES"
      buildConfiguration = "Debug">
      <Testables>
      </Testables>
      <MacroExpansion>
         <BuildableReference
            BuildableIdentifier = "primary"
            BlueprintIdentifier = "ED6D7BDA1716B63A005DED18"
            BuildableName = "vdcd"
            BlueprintName = "vdcd"
            ReferencedContainer = "container:vdcd.xcodeproj">
         </BuildableReference>
      </MacroExpansion>
   </TestAction>
   <LaunchAction
      selectedDebuggerIdentifier = "Xcode.DebuggerFoundation.Debugger.LLDB"
      selectedLauncherIdentifier = "Xcode.DebuggerFoundation.Launcher.LLDB"
      launchStyle = "0"
      useCustomWorkingDirectory = "NO"
      buildConfiguration = "Debug"
      ignoresPersistentStateOnLaunch = "NO"
      debugDocumentVersioning = "YES"
      allowLocationSimulation = "YES">
      <BuildableProductRunnable>
         <BuildableReference
            BuildableIdentifier = "primary"
            BlueprintIdentifier = "ED6D7BDA1716B63A005DED18"
            BuildableName = "vdcd"
            BlueprintName = "vdcd"
            ReferencedContainer = "container:vdcd.xcodeproj">
         </BuildableReference>
      </BuildableProductRunnable>
      <CommandLineArguments>
         <CommandLineArgument
            argument = "--help"
            isEnabled = "NO">
         </CommandLineArgument>
         <CommandLineArgument
            argument = "--modernids 0"
            isEnabled = "NO">
         </CommandLineArgument>
         <CommandLineArgument
            argument = "--protobufapi 0"
            isEnabled = "NO">
         </CommandLineArgument>
         <CommandLineArgument
            argument = "--selftest"
            isEnabled = "NO">
         </CommandLineArgument>
         <CommandLineArgument
            argument = "-l 7"
            isEnabled = "YES">
         </CommandLineArgument>
         <CommandLineArgument
            argument = "-l 5"
            isEnabled = "NO">
         </CommandLineArgument>
         <CommandLineArgument
            argument = "--vdsmnonlocal"
            isEnabled = "NO">
         </CommandLineArgument>
         <CommandLineArgument
            argument = "--cfgapiport 8090"
            isEnabled = "YES">
         </CommandLineArgument>
         <CommandLineArgument
            argument = "--dali 192.168.59.173"
            isEnabled = "NO">
         </CommandLineArgument>
         <CommandLineArgument
            argument = "--dali 192.168.59.221"
            isEnabled = "NO">
         </CommandLineArgument>
         <CommandLineArgument
            argument = "--enocean 192.168.1.73"
            isEnabled = "NO">
         </CommandLineArgument>
         <CommandLineArgument
            argument = "--enocean /dev/cu.usbserial-FTVEQ3US"
            isEnabled = "NO">
         </CommandLineArgument>
         <CommandLineArgument
            argument = "--enoceanreset gpioNS9XXXX.enoceanreset"
            isEnabled = "NO">
         </CommandLineArgument>
         <CommandLineArgument
            argument = "--huelights"
            isEnabled = "NO">
         </CommandLineArgument>
         <CommandLineArgument
            argument = "--sparkcore 53ff6e065067544825320587:f23c0ff8f755270f356fb3513448f025af31561d"
            isEnabled = "NO">
         </CommandLineArgument>
         <CommandLineArgument
            argument = "--sparkcore 53ff6a065067544840510687:f23c0ff8f755270f356fb3513448f025af31561d"
            isEnabled = "NO">
         </CommandLineArgument>
         <CommandLineArgument
            argument = "--redled gpioNS9XXXX.ledred --greenled gpioNS9XXXX.ledgreen --button gpioNS9XXXX.button"
            isEnabled = "NO">
         </CommandLineArgument>
         <CommandLineArgument
            argument = "--digitalio testbutton:in --digitalio testlamp:out --digitalio i2c1.TCA9555@25.7:out"
            isEnabled = "NO">
         </CommandLineArgument>
         <CommandLineArgument
            argument = "--button simpin.a"
            isEnabled = "YES">
         </CommandLineArgument>
         <CommandLineArgument
            argument = "-k testin:in"
            isEnabled = "YES">
         </CommandLineArgument>
         <CommandLineArgument
            argument = "-k testout:out"
            isEnabled = "YES">
         </CommandLineArgument>
         <CommandLineArgument
            argument = "-k testcolor:color"
            isEnabled = "NO">
         </CommandLineArgument>
      </CommandLineArguments>
      <AdditionalOptions>
         <AdditionalOption
            key = "MallocStackLogging"
            value = ""
            isEnabled = "YES">
         </AdditionalOption>
         <AdditionalOption
            key = "DYLD_INSERT_LIBRARIES"
            value = "/usr/lib/libgmalloc.dylib"
            isEnabled = "YES">
         </AdditionalOption>
      </AdditionalOptions>
   </LaunchAction>
   <ProfileAction
      shouldUseLaunchSchemeArgsEnv = "YES"
      savedToolIdentifier = ""
      useCustomWorkingDirectory = "NO"
      buildConfiguration = "Release"
      debugDocumentVersioning = "YES">
      <BuildableProductRunnable>
         <BuildableReference
            BuildableIdentifier = "primary"
            BlueprintIdentifier = "ED6D7BDA1716B63A005DED18"
            BuildableName = "vdcd"
            BlueprintName = "vdcd"
            ReferencedContainer = "container:vdcd.xcodeproj">
         </BuildableReference>
      </BuildableProductRunnable>
   </ProfileAction>
   <AnalyzeAction
      buildConfiguration = "Debug">
   </AnalyzeAction>
   <ArchiveAction
      buildConfiguration = "Release"
      revealArchiveInOrganizer = "YES">
   </ArchiveAction>
</Scheme>
